Microsoft Visual Studio Solution File, Format Version 12.00
# Visual Studio Version 17
VisualStudioVersion = 17.13.35731.43
MinimumVisualStudioVersion = 10.0.40219.1
Project("{FAE04EC0-301F-11D3-BF4B-00C04F79EFBC}") = "ClearTools", "src\ClearTools\ClearTools.csproj", "{22A4A42C-CB72-A3DB-F163-1272ACBD48E9}"
EndProject
Project("{FAE04EC0-301F-11D3-BF4B-00C04F79EFBC}") = "ClearTools.Tests", "src\ClearTools.Tests\ClearTools.Tests.csproj", "{0739F01C-9C8C-7E0D-A70F-51D85533E18D}"
EndProject
Global
	GlobalSection(SolutionConfigurationPlatforms) = preSolution
		Debug|Any CPU = Debug|Any CPU
		Release|Any CPU = Release|Any CPU
	EndGlobalSection
	GlobalSection(ProjectConfigurationPlatforms) = postSolution
		{22A4A42C-CB72-A3DB-F163-1272ACBD48E9}.Debug|Any CPU.ActiveCfg = Debug|Any CPU
		{22A4A42C-CB72-A3DB-F163-1272ACBD48E9}.Debug|Any CPU.Build.0 = Debug|Any CPU
		{22A4A42C-CB72-A3DB-F163-1272ACBD48E9}.Release|Any CPU.ActiveCfg = Release|Any CPU
		{22A4A42C-CB72-A3DB-F163-1272ACBD48E9}.Release|Any CPU.Build.0 = Release|Any CPU
		{0739F01C-9C8C-7E0D-A70F-51D85533E18D}.Debug|Any CPU.ActiveCfg = Debug|Any CPU
		{0739F01C-9C8C-7E0D-A70F-51D85533E18D}.Debug|Any CPU.Build.0 = Debug|Any CPU
		{0739F01C-9C8C-7E0D-A70F-51D85533E18D}.Release|Any CPU.ActiveCfg = Release|Any CPU
		{0739F01C-9C8C-7E0D-A70F-51D85533E18D}.Release|Any CPU.Build.0 = Release|Any CPU
	EndGlobalSection
	GlobalSection(SolutionProperties) = preSolution
		HideSolutionNode = FALSE
	EndGlobalSection
	GlobalSection(ExtensibilityGlobals) = postSolution
		SolutionGuid = {81A0E206-89B4-439C-8ABF-D1152F61A462}
	EndGlobalSection
EndGlobal
